// !$*UTF8*$!
{
	archiveVersion = 1;
	classes = {
	};
	objectVersion = 55;
	objects = {

/* Begin PBXBuildFile section */
		7D388EEB285F0FDF0056A7D9 /* AuthService.m in Sources */ = {isa = PBXBuildFile; fileRef = 7D388EEA285F0FDF0056A7D9 /* AuthService.m */; };
		7D388EEE285F11B50056A7D9 /* MovieService.m in Sources */ = {isa = PBXBuildFile; fileRef = 7D388EED285F11B50056A7D9 /* MovieService.m */; };
		7D388EF1285F13AD0056A7D9 /* PlaybackService.m in Sources */ = {isa = PBXBuildFile; fileRef = 7D388EF0285F13AD0056A7D9 /* PlaybackService.m */; };
		7D572B83285F706B00C19581 /* ListViewController.m in Sources */ = {isa = PBXBuildFile; fileRef = 7D572B82285F706B00C19581 /* ListViewController.m */; };
		7D572B87285F72EB00C19581 /* MovieModel.m in Sources */ = {isa = PBXBuildFile; fileRef = 7D572B86285F72EB00C19581 /* MovieModel.m */; };
		7D572B8A285FA66800C19581 /* SeriesViewController.m in Sources */ = {isa = PBXBuildFile; fileRef = 7D572B89285FA66800C19581 /* SeriesViewController.m */; };
		7DB6D8C8285CBBCC000D559D /* Http.m in Sources */ = {isa = PBXBuildFile; fileRef = 7DB6D8C7285CBBCC000D559D /* Http.m */; };
		7DB6D8CB285CCA37000D559D /* Config.m in Sources */ = {isa = PBXBuildFile; fileRef = 7DB6D8CA285CCA37000D559D /* Config.m */; };
		7DB6D8D0285CCF25000D559D /* JSON.m in Sources */ = {isa = PBXBuildFile; fileRef = 7DB6D8CF285CCF25000D559D /* JSON.m */; };
		7DF4EFB7285B8B7600CFB842 /* AppDelegate.m in Sources */ = {isa = PBXBuildFile; fileRef = 7DF4EFB6285B8B7600CFB842 /* AppDelegate.m */; };
		7DF4EFBA285B8B7600CFB842 /* SceneDelegate.m in Sources */ = {isa = PBXBuildFile; fileRef = 7DF4EFB9285B8B7600CFB842 /* SceneDelegate.m */; };
		7DF4EFC0285B8B7600CFB842 /* Main.storyboard in Resources */ = {isa = PBXBuildFile; fileRef = 7DF4EFBE285B8B7600CFB842 /* Main.storyboard */; };
		7DF4EFC2285B8B7700CFB842 /* Assets.xcassets in Resources */ = {isa = PBXBuildFile; fileRef = 7DF4EFC1285B8B7700CFB842 /* Assets.xcassets */; };
		7DF4EFC5285B8B7700CFB842 /* LaunchScreen.storyboard in Resources */ = {isa = PBXBuildFile; fileRef = 7DF4EFC3285B8B7700CFB842 /* LaunchScreen.storyboard */; };
		7DF4EFC8285B8B7700CFB842 /* main.m in Sources */ = {isa = PBXBuildFile; fileRef = 7DF4EFC7285B8B7700CFB842 /* main.m */; };
		7DF4EFDF285C890300CFB842 /* VideoPlayerViewController.m in Sources */ = {isa = PBXBuildFile; fileRef = 7DF4EFDE285C890300CFB842 /* VideoPlayerViewController.m */; };
/* End PBXBuildFile section */

/* Begin PBXFileReference section */
		7D388EE9285F0F8F0056A7D9 /* AuthService.h */ = {isa = PBXFileReference; lastKnownFileType = sourcecode.c.h; path = AuthService.h; sourceTree = "<group>"; };
		7D388EEA285F0FDF0056A7D9 /* AuthService.m */ = {isa = PBXFileReference; lastKnownFileType = sourcecode.c.objc; path = AuthService.m; sourceTree = "<group>"; };
		7D388EEC285F11390056A7D9 /* MovieService.h */ = {isa = PBXFileReference; lastKnownFileType = sourcecode.c.h; path = MovieService.h; sourceTree = "<group>"; };
		7D388EED285F11B50056A7D9 /* MovieService.m */ = {isa = PBXFileReference; lastKnownFileType = sourcecode.c.objc; path = MovieService.m; sourceTree = "<group>"; };
		7D388EEF285F133D0056A7D9 /* PlaybackService.h */ = {isa = PBXFileReference; lastKnownFileType = sourcecode.c.h; path = PlaybackService.h; sourceTree = "<group>"; };
		7D388EF0285F13AD0056A7D9 /* PlaybackService.m */ = {isa = PBXFileReference; lastKnownFileType = sourcecode.c.objc; path = PlaybackService.m; sourceTree = "<group>"; };
		7D572B81285F706B00C19581 /* ListViewController.h */ = {isa = PBXFileReference; lastKnownFileType = sourcecode.c.h; path = ListViewController.h; sourceTree = "<group>"; };
		7D572B82285F706B00C19581 /* ListViewController.m */ = {isa = PBXFileReference; lastKnownFileType = sourcecode.c.objc; path = ListViewController.m; sourceTree = "<group>"; };
		7D572B85285F71FE00C19581 /* MovieModel.h */ = {isa = PBXFileReference; lastKnownFileType = sourcecode.c.h; path = MovieModel.h; sourceTree = "<group>"; };
		7D572B86285F72EB00C19581 /* MovieModel.m */ = {isa = PBXFileReference; lastKnownFileType = sourcecode.c.objc; path = MovieModel.m; sourceTree = "<group>"; };
		7D572B88285FA66800C19581 /* SeriesViewController.h */ = {isa = PBXFileReference; lastKnownFileType = sourcecode.c.h; path = SeriesViewController.h; sourceTree = "<group>"; };
		7D572B89285FA66800C19581 /* SeriesViewController.m */ = {isa = PBXFileReference; lastKnownFileType = sourcecode.c.objc; path = SeriesViewController.m; sourceTree = "<group>"; };
		7DB6D8C6285CBB6D000D559D /* Http.h */ = {isa = PBXFileReference; lastKnownFileType = sourcecode.c.h; path = Http.h; sourceTree = "<group>"; };
		7DB6D8C7285CBBCC000D559D /* Http.m */ = {isa = PBXFileReference; lastKnownFileType = sourcecode.c.objc; path = Http.m; sourceTree = "<group>"; };
		7DB6D8C9285CCA09000D559D /* Config.h */ = {isa = PBXFileReference; lastKnownFileType = sourcecode.c.h; path = Config.h; sourceTree = "<group>"; };
		7DB6D8CA285CCA37000D559D /* Config.m */ = {isa = PBXFileReference; lastKnownFileType = sourcecode.c.objc; path = Config.m; sourceTree = "<group>"; };
		7DB6D8CE285CCEF9000D559D /* JSON.h */ = {isa = PBXFileReference; lastKnownFileType = sourcecode.c.h; path = JSON.h; sourceTree = "<group>"; };
		7DB6D8CF285CCF25000D559D /* JSON.m */ = {isa = PBXFileReference; lastKnownFileType = sourcecode.c.objc; path = JSON.m; sourceTree = "<group>"; };
		7DF4EFB2285B8B7600CFB842 /* Video Player.app */ = {isa = PBXFileReference; explicitFileType = wrapper.application; includeInIndex = 0; path = "Video Player.app"; sourceTree = BUILT_PRODUCTS_DIR; };
		7DF4EFB5285B8B7600CFB842 /* AppDelegate.h */ = {isa = PBXFileReference; lastKnownFileType = sourcecode.c.h; path = AppDelegate.h; sourceTree = "<group>"; };
		7DF4EFB6285B8B7600CFB842 /* AppDelegate.m */ = {isa = PBXFileReference; lastKnownFileType = sourcecode.c.objc; path = AppDelegate.m; sourceTree = "<group>"; };
		7DF4EFB8285B8B7600CFB842 /* SceneDelegate.h */ = {isa = PBXFileReference; lastKnownFileType = sourcecode.c.h; path = SceneDelegate.h; sourceTree = "<group>"; };
		7DF4EFB9285B8B7600CFB842 /* SceneDelegate.m */ = {isa = PBXFileReference; lastKnownFileType = sourcecode.c.objc; path = SceneDelegate.m; sourceTree = "<group>"; };
		7DF4EFBF285B8B7600CFB842 /* Base */ = {isa = PBXFileReference; lastKnownFileType = file.storyboard; name = Base; path = Base.lproj/Main.storyboard; sourceTree = "<group>"; };
		7DF4EFC1285B8B7700CFB842 /* Assets.xcassets */ = {isa = PBXFileReference; lastKnownFileType = folder.assetcatalog; path = Assets.xcassets; sourceTree = "<group>"; };
		7DF4EFC4285B8B7700CFB842 /* Base */ = {isa = PBXFileReference; lastKnownFileType = file.storyboard; name = Base; path = Base.lproj/LaunchScreen.storyboard; sourceTree = "<group>"; };
		7DF4EFC6285B8B7700CFB842 /* Info.plist */ = {isa = PBXFileReference; lastKnownFileType = text.plist.xml; path = Info.plist; sourceTree = "<group>"; };
		7DF4EFC7285B8B7700CFB842 /* main.m */ = {isa = PBXFileReference; lastKnownFileType = sourcecode.c.objc; path = main.m; sourceTree = "<group>"; };
		7DF4EFDD285C890300CFB842 /* VideoPlayerViewController.h */ = {isa = PBXFileReference; lastKnownFileType = sourcecode.c.h; path = VideoPlayerViewController.h; sourceTree = "<group>"; };
		7DF4EFDE285C890300CFB842 /* VideoPlayerViewController.m */ = {isa = PBXFileReference; lastKnownFileType = sourcecode.c.objc; path = VideoPlayerViewController.m; sourceTree = "<group>"; };
/* End PBXFileReference section */

/* Begin PBXFrameworksBuildPhase section */
		7DF4EFAF285B8B7600CFB842 /* Frameworks */ = {
			isa = PBXFrameworksBuildPhase;
			buildActionMask = 2147483647;
			files = (
			);
			runOnlyForDeploymentPostprocessing = 0;
		};
/* End PBXFrameworksBuildPhase section */

/* Begin PBXGroup section */
		7D388EE8285F0F730056A7D9 /* Services */ = {
			isa = PBXGroup;
			children = (
				7D388EE9285F0F8F0056A7D9 /* AuthService.h */,
				7D388EEA285F0FDF0056A7D9 /* AuthService.m */,
				7D388EEC285F11390056A7D9 /* MovieService.h */,
				7D388EED285F11B50056A7D9 /* MovieService.m */,
				7D388EEF285F133D0056A7D9 /* PlaybackService.h */,
				7D388EF0285F13AD0056A7D9 /* PlaybackService.m */,
			);
			path = Services;
			sourceTree = "<group>";
		};
		7D572B84285F71E800C19581 /* Models */ = {
			isa = PBXGroup;
			children = (
				7D572B85285F71FE00C19581 /* MovieModel.h */,
				7D572B86285F72EB00C19581 /* MovieModel.m */,
			);
			path = Models;
			sourceTree = "<group>";
		};
		7DB6D8CC285CCCFB000D559D /* Controllers */ = {
			isa = PBXGroup;
			children = (
				7DF4EFDD285C890300CFB842 /* VideoPlayerViewController.h */,
				7DF4EFDE285C890300CFB842 /* VideoPlayerViewController.m */,
				7D572B81285F706B00C19581 /* ListViewController.h */,
				7D572B82285F706B00C19581 /* ListViewController.m */,
				7D572B88285FA66800C19581 /* SeriesViewController.h */,
				7D572B89285FA66800C19581 /* SeriesViewController.m */,
			);
			path = Controllers;
			sourceTree = "<group>";
		};
		7DB6D8CD285CCD0D000D559D /* Libs */ = {
			isa = PBXGroup;
			children = (
				7DB6D8C6285CBB6D000D559D /* Http.h */,
				7DB6D8C7285CBBCC000D559D /* Http.m */,
				7DB6D8CE285CCEF9000D559D /* JSON.h */,
				7DB6D8CF285CCF25000D559D /* JSON.m */,
			);
			path = Libs;
			sourceTree = "<group>";
		};
		7DF4EFA9285B8B7600CFB842 = {
			isa = PBXGroup;
			children = (
				7DF4EFB4285B8B7600CFB842 /* Video Player */,
				7DF4EFB3285B8B7600CFB842 /* Products */,
			);
			sourceTree = "<group>";
		};
		7DF4EFB3285B8B7600CFB842 /* Products */ = {
			isa = PBXGroup;
			children = (
				7DF4EFB2285B8B7600CFB842 /* Video Player.app */,
			);
			name = Products;
			sourceTree = "<group>";
		};
		7DF4EFB4285B8B7600CFB842 /* Video Player */ = {
			isa = PBXGroup;
			children = (
				7D572B84285F71E800C19581 /* Models */,
				7D388EE8285F0F730056A7D9 /* Services */,
				7DB6D8CD285CCD0D000D559D /* Libs */,
				7DB6D8CC285CCCFB000D559D /* Controllers */,
				7DF4EFB5285B8B7600CFB842 /* AppDelegate.h */,
				7DF4EFB6285B8B7600CFB842 /* AppDelegate.m */,
				7DF4EFB8285B8B7600CFB842 /* SceneDelegate.h */,
				7DF4EFB9285B8B7600CFB842 /* SceneDelegate.m */,
				7DF4EFBE285B8B7600CFB842 /* Main.storyboard */,
				7DF4EFC1285B8B7700CFB842 /* Assets.xcassets */,
				7DF4EFC3285B8B7700CFB842 /* LaunchScreen.storyboard */,
				7DF4EFC6285B8B7700CFB842 /* Info.plist */,
				7DF4EFC7285B8B7700CFB842 /* main.m */,
				7DB6D8C9285CCA09000D559D /* Config.h */,
				7DB6D8CA285CCA37000D559D /* Config.m */,
			);
			path = "Video Player";
			sourceTree = "<group>";
		};
/* End PBXGroup section */

/* Begin PBXNativeTarget section */
		7DF4EFB1285B8B7600CFB842 /* Video Player */ = {
			isa = PBXNativeTarget;
			buildConfigurationList = 7DF4EFCB285B8B7700CFB842 /* Build configuration list for PBXNativeTarget "Video Player" */;
			buildPhases = (
				7DF4EFAE285B8B7600CFB842 /* Sources */,
				7DF4EFAF285B8B7600CFB842 /* Frameworks */,
				7DF4EFB0285B8B7600CFB842 /* Resources */,
			);
			buildRules = (
			);
			dependencies = (
			);
			name = "Video Player";
			productName = "Video Player";
			productReference = 7DF4EFB2285B8B7600CFB842 /* Video Player.app */;
			productType = "com.apple.product-type.application";
		};
/* End PBXNativeTarget section */

/* Begin PBXProject section */
		7DF4EFAA285B8B7600CFB842 /* Project object */ = {
			isa = PBXProject;
			attributes = {
				BuildIndependentTargetsInParallel = 1;
				LastUpgradeCheck = 1330;
				TargetAttributes = {
					7DF4EFB1285B8B7600CFB842 = {
						CreatedOnToolsVersion = 13.3;
					};
				};
			};
			buildConfigurationList = 7DF4EFAD285B8B7600CFB842 /* Build configuration list for PBXProject "Video Player" */;
			compatibilityVersion = "Xcode 13.0";
			developmentRegion = en;
			hasScannedForEncodings = 0;
			knownRegions = (
				en,
				Base,
			);
			mainGroup = 7DF4EFA9285B8B7600CFB842;
			productRefGroup = 7DF4EFB3285B8B7600CFB842 /* Products */;
			projectDirPath = "";
			projectRoot = "";
			targets = (
				7DF4EFB1285B8B7600CFB842 /* Video Player */,
			);
		};
/* End PBXProject section */

/* Begin PBXResourcesBuildPhase section */
		7DF4EFB0285B8B7600CFB842 /* Resources */ = {
			isa = PBXResourcesBuildPhase;
			buildActionMask = 2147483647;
			files = (
				7DF4EFC5285B8B7700CFB842 /* LaunchScreen.storyboard in Resources */,
				7DF4EFC2285B8B7700CFB842 /* Assets.xcassets in Resources */,
				7DF4EFC0285B8B7600CFB842 /* Main.storyboard in Resources */,
			);
			runOnlyForDeploymentPostprocessing = 0;
		};
/* End PBXResourcesBuildPhase section */

/* Begin PBXSourcesBuildPhase section */
		7DF4EFAE285B8B7600CFB842 /* Sources */ = {
			isa = PBXSourcesBuildPhase;
			buildActionMask = 2147483647;
			files = (
				7D388EEE285F11B50056A7D9 /* MovieService.m in Sources */,
				7D388EF1285F13AD0056A7D9 /* PlaybackService.m in Sources */,
				7D572B87285F72EB00C19581 /* MovieModel.m in Sources */,
				7DB6D8CB285CCA37000D559D /* Config.m in Sources */,
				7DF4EFDF285C890300CFB842 /* VideoPlayerViewController.m in Sources */,
				7DF4EFB7285B8B7600CFB842 /* AppDelegate.m in Sources */,
				7DB6D8D0285CCF25000D559D /* JSON.m in Sources */,
				7DF4EFC8285B8B7700CFB842 /* main.m in Sources */,
				7D572B8A285FA66800C19581 /* SeriesViewController.m in Sources */,
				7D388EEB285F0FDF0056A7D9 /* AuthService.m in Sources */,
				7D572B83285F706B00C19581 /* ListViewController.m in Sources */,
				7DF4EFBA285B8B7600CFB842 /* SceneDelegate.m in Sources */,
				7DB6D8C8285CBBCC000D559D /* Http.m in Sources */,
			);
			runOnlyForDeploymentPostprocessing = 0;
		};
/* End PBXSourcesBuildPhase section */

/* Begin PBXVariantGroup section */
		7DF4EFBE285B8B7600CFB842 /* Main.storyboard */ = {
			isa = PBXVariantGroup;
			children = (
				7DF4EFBF285B8B7600CFB842 /* Base */,
			);
			name = Main.storyboard;
			sourceTree = "<group>";
		};
		7DF4EFC3285B8B7700CFB842 /* LaunchScreen.storyboard */ = {
			isa = PBXVariantGroup;
			children = (
				7DF4EFC4285B8B7700CFB842 /* Base */,
			);
			name = LaunchScreen.storyboard;
			sourceTree = "<group>";
		};
/* End PBXVariantGroup section */

/* Begin XCBuildConfiguration section */
		7DF4EFC9285B8B7700CFB842 /* Debug */ = {
			isa = XCBuildConfiguration;
			buildSettings = {
				ALWAYS_SEARCH_USER_PATHS = NO;
				CLANG_ANALYZER_NONNULL = YES;
				CLANG_ANALYZER_NUMBER_OBJECT_CONVERSION = YES_AGGRESSIVE;
				CLANG_CXX_LANGUAGE_STANDARD = "gnu++17";
				CLANG_ENABLE_MODULES = YES;
				CLANG_ENABLE_OBJC_ARC = YES;
				CLANG_ENABLE_OBJC_WEAK = YES;
				CLANG_WARN_BLOCK_CAPTURE_AUTORELEASING = YES;
				CLANG_WARN_BOOL_CONVERSION = YES;
				CLANG_WARN_COMMA = YES;
				CLANG_WARN_CONSTANT_CONVERSION = YES;
				CLANG_WARN_DEPRECATED_OBJC_IMPLEMENTATIONS = YES;
				CLANG_WARN_DIRECT_OBJC_ISA_USAGE = YES_ERROR;
				CLANG_WARN_DOCUMENTATION_COMMENTS = YES;
				CLANG_WARN_EMPTY_BODY = YES;
				CLANG_WARN_ENUM_CONVERSION = YES;
				CLANG_WARN_INFINITE_RECURSION = YES;
				CLANG_WARN_INT_CONVERSION = YES;
				CLANG_WARN_NON_LITERAL_NULL_CONVERSION = YES;
				CLANG_WARN_OBJC_IMPLICIT_RETAIN_SELF = YES;
				CLANG_WARN_OBJC_LITERAL_CONVERSION = YES;
				CLANG_WARN_OBJC_ROOT_CLASS = YES_ERROR;
				CLANG_WARN_QUOTED_INCLUDE_IN_FRAMEWORK_HEADER = YES;
				CLANG_WARN_RANGE_LOOP_ANALYSIS = YES;
				CLANG_WARN_STRICT_PROTOTYPES = YES;
				CLANG_WARN_SUSPICIOUS_MOVE = YES;
				CLANG_WARN_UNGUARDED_AVAILABILITY = YES_AGGRESSIVE;
				CLANG_WARN_UNREACHABLE_CODE = YES;
				CLANG_WARN__DUPLICATE_METHOD_MATCH = YES;
				COPY_PHASE_STRIP = NO;
				DEBUG_INFORMATION_FORMAT = dwarf;
				ENABLE_STRICT_OBJC_MSGSEND = YES;
				ENABLE_TESTABILITY = YES;
				GCC_C_LANGUAGE_STANDARD = gnu11;
				GCC_DYNAMIC_NO_PIC = NO;
				GCC_NO_COMMON_BLOCKS = YES;
				GCC_OPTIMIZATION_LEVEL = 0;
				GCC_PREPROCESSOR_DEFINITIONS = (
					"DEBUG=1",
					"$(inherited)",
				);
				GCC_WARN_64_TO_32_BIT_CONVERSION = YES;
				GCC_WARN_ABOUT_RETURN_TYPE = YES_ERROR;
				GCC_WARN_UNDECLARED_SELECTOR = YES;
				GCC_WARN_UNINITIALIZED_AUTOS = YES_AGGRESSIVE;
				GCC_WARN_UNUSED_FUNCTION = YES;
				GCC_WARN_UNUSED_VARIABLE = YES;
				IPHONEOS_DEPLOYMENT_TARGET = 15.4;
				MTL_ENABLE_DEBUG_INFO = INCLUDE_SOURCE;
				MTL_FAST_MATH = YES;
				ONLY_ACTIVE_ARCH = YES;
				SDKROOT = iphoneos;
			};
			name = Debug;
		};
		7DF4EFCA285B8B7700CFB842 /* Release */ = {
			isa = XCBuildConfiguration;
			buildSettings = {
				ALWAYS_SEARCH_USER_PATHS = NO;
				CLANG_ANALYZER_NONNULL = YES;
				CLANG_ANALYZER_NUMBER_OBJECT_CONVERSION = YES_AGGRESSIVE;
				CLANG_CXX_LANGUAGE_STANDARD = "gnu++17";
				CLANG_ENABLE_MODULES = YES;
				CLANG_ENABLE_OBJC_ARC = YES;
				CLANG_ENABLE_OBJC_WEAK = YES;
				CLANG_WARN_BLOCK_CAPTURE_AUTORELEASING = YES;
				CLANG_WARN_BOOL_CONVERSION = YES;
				CLANG_WARN_COMMA = YES;
				CLANG_WARN_CONSTANT_CONVERSION = YES;
				CLANG_WARN_DEPRECATED_OBJC_IMPLEMENTATIONS = YES;
				CLANG_WARN_DIRECT_OBJC_ISA_USAGE = YES_ERROR;
				CLANG_WARN_DOCUMENTATION_COMMENTS = YES;
				CLANG_WARN_EMPTY_BODY = YES;
				CLANG_WARN_ENUM_CONVERSION = YES;
				CLANG_WARN_INFINITE_RECURSION = YES;
				CLANG_WARN_INT_CONVERSION = YES;
				CLANG_WARN_NON_LITERAL_NULL_CONVERSION = YES;
				CLANG_WARN_OBJC_IMPLICIT_RETAIN_SELF = YES;
				CLANG_WARN_OBJC_LITERAL_CONVERSION = YES;
				CLANG_WARN_OBJC_ROOT_CLASS = YES_ERROR;
				CLANG_WARN_QUOTED_INCLUDE_IN_FRAMEWORK_HEADER = YES;
				CLANG_WARN_RANGE_LOOP_ANALYSIS = YES;
				CLANG_WARN_STRICT_PROTOTYPES = YES;
				CLANG_WARN_SUSPICIOUS_MOVE = YES;
				CLANG_WARN_UNGUARDED_AVAILABILITY = YES_AGGRESSIVE;
				CLANG_WARN_UNREACHABLE_CODE = YES;
				CLANG_WARN__DUPLICATE_METHOD_MATCH = YES;
				COPY_PHASE_STRIP = NO;
				DEBUG_INFORMATION_FORMAT = "dwarf-with-dsym";
				ENABLE_NS_ASSERTIONS = NO;
				ENABLE_STRICT_OBJC_MSGSEND = YES;
				GCC_C_LANGUAGE_STANDARD = gnu11;
				GCC_NO_COMMON_BLOCKS = YES;
				GCC_WARN_64_TO_32_BIT_CONVERSION = YES;
				GCC_WARN_ABOUT_RETURN_TYPE = YES_ERROR;
				GCC_WARN_UNDECLARED_SELECTOR = YES;
				GCC_WARN_UNINITIALIZED_AUTOS = YES_AGGRESSIVE;
				GCC_WARN_UNUSED_FUNCTION = YES;
				GCC_WARN_UNUSED_VARIABLE = YES;
				IPHONEOS_DEPLOYMENT_TARGET = 15.4;
				MTL_ENABLE_DEBUG_INFO = NO;
				MTL_FAST_MATH = YES;
				SDKROOT = iphoneos;
				VALIDATE_PRODUCT = YES;
			};
			name = Release;
		};
		7DF4EFCC285B8B7700CFB842 /* Debug */ = {
			isa = XCBuildConfiguration;
			buildSettings = {
				ASSETCATALOG_COMPILER_APPICON_NAME = AppIcon;
				ASSETCATALOG_COMPILER_GLOBAL_ACCENT_COLOR_NAME = AccentColor;
				CODE_SIGN_STYLE = Automatic;
				CURRENT_PROJECT_VERSION = 1;
				DEVELOPMENT_TEAM = 5VW4X59F9Z;
				GENERATE_INFOPLIST_FILE = YES;
				INFOPLIST_FILE = "Video Player/Info.plist";
				INFOPLIST_KEY_UIApplicationSupportsIndirectInputEvents = YES;
				INFOPLIST_KEY_UILaunchStoryboardName = LaunchScreen;
				INFOPLIST_KEY_UIMainStoryboardFile = Main;
				INFOPLIST_KEY_UISupportedInterfaceOrientations_iPad = "UIInterfaceOrientationPortrait UIInterfaceOrientationPortraitUpsideDown UIInterfaceOrientationLandscapeLeft UIInterfaceOrientationLandscapeRight";
				INFOPLIST_KEY_UISupportedInterfaceOrientations_iPhone = "UIInterfaceOrientationPortrait UIInterfaceOrientationLandscapeLeft UIInterfaceOrientationLandscapeRight";
				IPHONEOS_DEPLOYMENT_TARGET = 12.4;
				LD_RUNPATH_SEARCH_PATHS = (
					"$(inherited)",
					"@executable_path/Frameworks",
				);
				MARKETING_VERSION = 1.0;
				PRODUCT_BUNDLE_IDENTIFIER = "com.vuhuy.Video-Player";
				PRODUCT_NAME = "$(TARGET_NAME)";
				SWIFT_EMIT_LOC_STRINGS = YES;
				TARGETED_DEVICE_FAMILY = 1;
			};
			name = Debug;
		};
		7DF4EFCD285B8B7700CFB842 /* Release */ = {
			isa = XCBuildConfiguration;
			buildSettings = {
				ASSETCATALOG_COMPILER_APPICON_NAME = AppIcon;
				ASSETCATALOG_COMPILER_GLOBAL_ACCENT_COLOR_NAME = AccentColor;
				CODE_SIGN_STYLE = Automatic;
				CURRENT_PROJECT_VERSION = 1;
				DEVELOPMENT_TEAM = 5VW4X59F9Z;
				GENERATE_INFOPLIST_FILE = YES;
				INFOPLIST_FILE = "Video Player/Info.plist";
				INFOPLIST_KEY_UIApplicationSupportsIndirectInputEvents = YES;
				INFOPLIST_KEY_UILaunchStoryboardName = LaunchScreen;
				INFOPLIST_KEY_UIMainStoryboardFile = Main;
				INFOPLIST_KEY_UISupportedInterfaceOrientations_iPad = "UIInterfaceOrientationPortrait UIInterfaceOrientationPortraitUpsideDown UIInterfaceOrientationLandscapeLeft UIInterfaceOrientationLandscapeRight";
				INFOPLIST_KEY_UISupportedInterfaceOrientations_iPhone = "UIInterfaceOrientationPortrait UIInterfaceOrientationLandscapeLeft UIInterfaceOrientationLandscapeRight";
				IPHONEOS_DEPLOYMENT_TARGET = 12.4;
				LD_RUNPATH_SEARCH_PATHS = (
					"$(inherited)",
					"@executable_path/Frameworks",
				);
				MARKETING_VERSION = 1.0;
				PRODUCT_BUNDLE_IDENTIFIER = "com.vuhuy.Video-Player";
				PRODUCT_NAME = "$(TARGET_NAME)";
				SWIFT_EMIT_LOC_STRINGS = YES;
				TARGETED_DEVICE_FAMILY = 1;
			};
			name = Release;
		};
/* End XCBuildConfiguration section */

/* Begin XCConfigurationList section */
		7DF4EFAD285B8B7600CFB842 /* Build configuration list for PBXProject "Video Player" */ = {
			isa = XCConfigurationList;
			buildConfigurations = (
				7DF4EFC9285B8B7700CFB842 /* Debug */,
				7DF4EFCA285B8B7700CFB842 /* Release */,
			);
			defaultConfigurationIsVisible = 0;
			defaultConfigurationName = Release;
		};
		7DF4EFCB285B8B7700CFB842 /* Build configuration list for PBXNativeTarget "Video Player" */ = {
			isa = XCConfigurationList;
			buildConfigurations = (
				7DF4EFCC285B8B7700CFB842 /* Debug */,
				7DF4EFCD285B8B7700CFB842 /* Release */,
			);
			defaultConfigurationIsVisible = 0;
			defaultConfigurationName = Release;
		};
/* End XCConfigurationList section */
	};
	rootObject = 7DF4EFAA285B8B7600CFB842 /* Project object */;
}
